
Microsoft Visual Studio Solution File, Format Version 12.00
# Visual Studio Version 17
VisualStudioVersion = 17.2.32630.192
MinimumVisualStudioVersion = 10.0.40219.1
Project("{888888A0-9F3D-457C-B088-3A5042F75D52}") = "10ulesandedTeemalKorduslaused", "10ulesandedTeemalKorduslaused\10ulesandedTeemalKorduslaused.pyproj", "{3A40059F-7044-4647-8E45-9F146C1E91D0}"
EndProject
Global
	GlobalSection(SolutionConfigurationPlatforms) = preSolution
		Debug|Any CPU = Debug|Any CPU
		Release|Any CPU = Release|Any CPU
	EndGlobalSection
	GlobalSection(ProjectConfigurationPlatforms) = postSolution
		{3A40059F-7044-4647-8E45-9F146C1E91D0}.Debug|Any CPU.ActiveCfg = Debug|Any CPU
		{3A40059F-7044-4647-8E45-9F146C1E91D0}.Release|Any CPU.ActiveCfg = Release|Any CPU
	EndGlobalSection
	GlobalSection(SolutionProperties) = preSolution
		HideSolutionNode = FALSE
	EndGlobalSection
	GlobalSection(ExtensibilityGlobals) = postSolution
		SolutionGuid = {900BE8A0-A1F9-48AE-8BB6-2CC36369E0B1}
	EndGlobalSection
EndGlobal
